
Microsoft Visual Studio Solution File, Format Version 12.00
# Visual Studio Version 17
VisualStudioVersion = 17.11.35312.102
MinimumVisualStudioVersion = 10.0.40219.1
Project("{FAE04EC0-301F-11D3-BF4B-00C04F79EFBC}") = "CoursWorkUI", "CoursWork\CoursWorkUI.csproj", "{EE086BF6-12AC-4610-8305-C2024EBF74A3}"
EndProject
Project("{FAE04EC0-301F-11D3-BF4B-00C04F79EFBC}") = "DAL", "DAL\DAL.csproj", "{F170F5E1-5F25-4A9A-888E-943B0F0AA6FC}"
EndProject
Project("{FAE04EC0-301F-11D3-BF4B-00C04F79EFBC}") = "BLL", "BLL\BLL.csproj", "{14EF97F9-F483-493D-95C8-A6B1BC809959}"
EndProject
Global
	GlobalSection(SolutionConfigurationPlatforms) = preSolution
		Debug|Any CPU = Debug|Any CPU
		Release|Any CPU = Release|Any CPU
	EndGlobalSection
	GlobalSection(ProjectConfigurationPlatforms) = postSolution
		{EE086BF6-12AC-4610-8305-C2024EBF74A3}.Debug|Any CPU.ActiveCfg = Debug|Any CPU
		{EE086BF6-12AC-4610-8305-C2024EBF74A3}.Debug|Any CPU.Build.0 = Debug|Any CPU
		{EE086BF6-12AC-4610-8305-C2024EBF74A3}.Release|Any CPU.ActiveCfg = Release|Any CPU
		{EE086BF6-12AC-4610-8305-C2024EBF74A3}.Release|Any CPU.Build.0 = Release|Any CPU
		{F170F5E1-5F25-4A9A-888E-943B0F0AA6FC}.Debug|Any CPU.ActiveCfg = Debug|Any CPU
		{F170F5E1-5F25-4A9A-888E-943B0F0AA6FC}.Debug|Any CPU.Build.0 = Debug|Any CPU
		{F170F5E1-5F25-4A9A-888E-943B0F0AA6FC}.Release|Any CPU.ActiveCfg = Release|Any CPU
		{F170F5E1-5F25-4A9A-888E-943B0F0AA6FC}.Release|Any CPU.Build.0 = Release|Any CPU
		{14EF97F9-F483-493D-95C8-A6B1BC809959}.Debug|Any CPU.ActiveCfg = Debug|Any CPU
		{14EF97F9-F483-493D-95C8-A6B1BC809959}.Debug|Any CPU.Build.0 = Debug|Any CPU
		{14EF97F9-F483-493D-95C8-A6B1BC809959}.Release|Any CPU.ActiveCfg = Release|Any CPU
		{14EF97F9-F483-493D-95C8-A6B1BC809959}.Release|Any CPU.Build.0 = Release|Any CPU
	EndGlobalSection
	GlobalSection(SolutionProperties) = preSolution
		HideSolutionNode = FALSE
	EndGlobalSection
	GlobalSection(ExtensibilityGlobals) = postSolution
		SolutionGuid = {5A08F6B4-3A55-4A98-BE52-BA2ADB64A067}
	EndGlobalSection
EndGlobal
